// !$*UTF8*$!
{
	archiveVersion = 1;
	classes = {
	};
	objectVersion = 48;
	objects = {

/* Begin PBXBuildFile section */
		2AA24DE2201CC98C00037EF1 /* AppDelegate.swift in Sources */ = {isa = PBXBuildFile; fileRef = 2AA24DE1201CC98C00037EF1 /* AppDelegate.swift */; };
		2AA24DE4201CC98C00037EF1 /* Assets.xcassets in Resources */ = {isa = PBXBuildFile; fileRef = 2AA24DE3201CC98C00037EF1 /* Assets.xcassets */; };
		2AA24DE7201CC98C00037EF1 /* MainMenu.xib in Resources */ = {isa = PBXBuildFile; fileRef = 2AA24DE5201CC98C00037EF1 /* MainMenu.xib */; };
		2AA24DF3201CC98C00037EF1 /* popgraph_viewerTests.swift in Sources */ = {isa = PBXBuildFile; fileRef = 2AA24DF2201CC98C00037EF1 /* popgraph_viewerTests.swift */; };
		2AA24E05201CCDE800037EF1 /* GraphViewController.swift in Sources */ = {isa = PBXBuildFile; fileRef = 2AA24E03201CCDE800037EF1 /* GraphViewController.swift */; };
		2AA24E06201CCDE800037EF1 /* GraphViewController.xib in Resources */ = {isa = PBXBuildFile; fileRef = 2AA24E04201CCDE800037EF1 /* GraphViewController.xib */; };
		2AA24E09201CCE2200037EF1 /* GraphView.swift in Sources */ = {isa = PBXBuildFile; fileRef = 2AA24E08201CCE2200037EF1 /* GraphView.swift */; };
		2AA24E0C201CD12700037EF1 /* GraphWindowController.swift in Sources */ = {isa = PBXBuildFile; fileRef = 2AA24E0A201CD12700037EF1 /* GraphWindowController.swift */; };
		2AA24E0D201CD12700037EF1 /* GraphWindowController.xib in Resources */ = {isa = PBXBuildFile; fileRef = 2AA24E0B201CD12700037EF1 /* GraphWindowController.xib */; };
/* End PBXBuildFile section */

/* Begin PBXContainerItemProxy section */
		2AA24DEF201CC98C00037EF1 /* PBXContainerItemProxy */ = {
			isa = PBXContainerItemProxy;
			containerPortal = 2AA24DD6201CC98C00037EF1 /* Project object */;
			proxyType = 1;
			remoteGlobalIDString = 2AA24DDD201CC98C00037EF1;
			remoteInfo = "popgraph-viewer";
		};
/* End PBXContainerItemProxy section */

/* Begin PBXFileReference section */
		2AA24DDE201CC98C00037EF1 /* popgraph-viewer.app */ = {isa = PBXFileReference; explicitFileType = wrapper.application; includeInIndex = 0; path = "popgraph-viewer.app"; sourceTree = BUILT_PRODUCTS_DIR; };
		2AA24DE1201CC98C00037EF1 /* AppDelegate.swift */ = {isa = PBXFileReference; lastKnownFileType = sourcecode.swift; path = AppDelegate.swift; sourceTree = "<group>"; };
		2AA24DE3201CC98C00037EF1 /* Assets.xcassets */ = {isa = PBXFileReference; lastKnownFileType = folder.assetcatalog; path = Assets.xcassets; sourceTree = "<group>"; };
		2AA24DE6201CC98C00037EF1 /* Base */ = {isa = PBXFileReference; lastKnownFileType = file.xib; name = Base; path = Base.lproj/MainMenu.xib; sourceTree = "<group>"; };
		2AA24DE8201CC98C00037EF1 /* Info.plist */ = {isa = PBXFileReference; lastKnownFileType = text.plist.xml; path = Info.plist; sourceTree = "<group>"; };
		2AA24DE9201CC98C00037EF1 /* popgraph_viewer.entitlements */ = {isa = PBXFileReference; lastKnownFileType = text.plist.entitlements; path = popgraph_viewer.entitlements; sourceTree = "<group>"; };
		2AA24DEE201CC98C00037EF1 /* popgraph-viewerTests.xctest */ = {isa = PBXFileReference; explicitFileType = wrapper.cfbundle; includeInIndex = 0; path = "popgraph-viewerTests.xctest"; sourceTree = BUILT_PRODUCTS_DIR; };
		2AA24DF2201CC98C00037EF1 /* popgraph_viewerTests.swift */ = {isa = PBXFileReference; lastKnownFileType = sourcecode.swift; path = popgraph_viewerTests.swift; sourceTree = "<group>"; };
		2AA24DF4201CC98C00037EF1 /* Info.plist */ = {isa = PBXFileReference; lastKnownFileType = text.plist.xml; path = Info.plist; sourceTree = "<group>"; };
		2AA24E03201CCDE800037EF1 /* GraphViewController.swift */ = {isa = PBXFileReference; lastKnownFileType = sourcecode.swift; path = GraphViewController.swift; sourceTree = "<group>"; };
		2AA24E04201CCDE800037EF1 /* GraphViewController.xib */ = {isa = PBXFileReference; lastKnownFileType = file.xib; path = GraphViewController.xib; sourceTree = "<group>"; };
		2AA24E08201CCE2200037EF1 /* GraphView.swift */ = {isa = PBXFileReference; lastKnownFileType = sourcecode.swift; path = GraphView.swift; sourceTree = "<group>"; };
		2AA24E0A201CD12700037EF1 /* GraphWindowController.swift */ = {isa = PBXFileReference; lastKnownFileType = sourcecode.swift; path = GraphWindowController.swift; sourceTree = "<group>"; };
		2AA24E0B201CD12700037EF1 /* GraphWindowController.xib */ = {isa = PBXFileReference; lastKnownFileType = file.xib; path = GraphWindowController.xib; sourceTree = "<group>"; };
/* End PBXFileReference section */

/* Begin PBXFrameworksBuildPhase section */
		2AA24DDB201CC98C00037EF1 /* Frameworks */ = {
			isa = PBXFrameworksBuildPhase;
			buildActionMask = 2147483647;
			files = (
			);
			runOnlyForDeploymentPostprocessing = 0;
		};
		2AA24DEB201CC98C00037EF1 /* Frameworks */ = {
			isa = PBXFrameworksBuildPhase;
			buildActionMask = 2147483647;
			files = (
			);
			runOnlyForDeploymentPostprocessing = 0;
		};
/* End PBXFrameworksBuildPhase section */

/* Begin PBXGroup section */
		2AA24DD5201CC98C00037EF1 = {
			isa = PBXGroup;
			children = (
				2AA24DE0201CC98C00037EF1 /* popgraph-viewer */,
				2AA24DF1201CC98C00037EF1 /* popgraph-viewerTests */,
				2AA24DDF201CC98C00037EF1 /* Products */,
			);
			sourceTree = "<group>";
		};
		2AA24DDF201CC98C00037EF1 /* Products */ = {
			isa = PBXGroup;
			children = (
				2AA24DDE201CC98C00037EF1 /* popgraph-viewer.app */,
				2AA24DEE201CC98C00037EF1 /* popgraph-viewerTests.xctest */,
			);
			name = Products;
			sourceTree = "<group>";
		};
		2AA24DE0201CC98C00037EF1 /* popgraph-viewer */ = {
			isa = PBXGroup;
			children = (
				2AA24E07201CCDF500037EF1 /* GraphView */,
				2AA24DE1201CC98C00037EF1 /* AppDelegate.swift */,
				2AA24DE3201CC98C00037EF1 /* Assets.xcassets */,
				2AA24DE5201CC98C00037EF1 /* MainMenu.xib */,
				2AA24DE8201CC98C00037EF1 /* Info.plist */,
				2AA24DE9201CC98C00037EF1 /* popgraph_viewer.entitlements */,
			);
			path = "popgraph-viewer";
			sourceTree = "<group>";
		};
		2AA24DF1201CC98C00037EF1 /* popgraph-viewerTests */ = {
			isa = PBXGroup;
			children = (
				2AA24DF2201CC98C00037EF1 /* popgraph_viewerTests.swift */,
				2AA24DF4201CC98C00037EF1 /* Info.plist */,
			);
			path = "popgraph-viewerTests";
			sourceTree = "<group>";
		};
		2AA24E07201CCDF500037EF1 /* GraphView */ = {
			isa = PBXGroup;
			children = (
				2AA24E0A201CD12700037EF1 /* GraphWindowController.swift */,
				2AA24E0B201CD12700037EF1 /* GraphWindowController.xib */,
				2AA24E03201CCDE800037EF1 /* GraphViewController.swift */,
				2AA24E04201CCDE800037EF1 /* GraphViewController.xib */,
				2AA24E08201CCE2200037EF1 /* GraphView.swift */,
			);
			path = GraphView;
			sourceTree = "<group>";
		};
/* End PBXGroup section */

/* Begin PBXNativeTarget section */
		2AA24DDD201CC98C00037EF1 /* popgraph-viewer */ = {
			isa = PBXNativeTarget;
			buildConfigurationList = 2AA24DF7201CC98C00037EF1 /* Build configuration list for PBXNativeTarget "popgraph-viewer" */;
			buildPhases = (
				2AA24DDA201CC98C00037EF1 /* Sources */,
				2AA24DDB201CC98C00037EF1 /* Frameworks */,
				2AA24DDC201CC98C00037EF1 /* Resources */,
			);
			buildRules = (
			);
			dependencies = (
			);
			name = "popgraph-viewer";
			productName = "popgraph-viewer";
			productReference = 2AA24DDE201CC98C00037EF1 /* popgraph-viewer.app */;
			productType = "com.apple.product-type.application";
		};
		2AA24DED201CC98C00037EF1 /* popgraph-viewerTests */ = {
			isa = PBXNativeTarget;
			buildConfigurationList = 2AA24DFA201CC98C00037EF1 /* Build configuration list for PBXNativeTarget "popgraph-viewerTests" */;
			buildPhases = (
				2AA24DEA201CC98C00037EF1 /* Sources */,
				2AA24DEB201CC98C00037EF1 /* Frameworks */,
				2AA24DEC201CC98C00037EF1 /* Resources */,
			);
			buildRules = (
			);
			dependencies = (
				2AA24DF0201CC98C00037EF1 /* PBXTargetDependency */,
			);
			name = "popgraph-viewerTests";
			productName = "popgraph-viewerTests";
			productReference = 2AA24DEE201CC98C00037EF1 /* popgraph-viewerTests.xctest */;
			productType = "com.apple.product-type.bundle.unit-test";
		};
/* End PBXNativeTarget section */

/* Begin PBXProject section */
		2AA24DD6201CC98C00037EF1 /* Project object */ = {
			isa = PBXProject;
			attributes = {
				LastSwiftUpdateCheck = 0920;
				LastUpgradeCheck = 0920;
				ORGANIZATIONNAME = "Rodney Dyer";
				TargetAttributes = {
					2AA24DDD201CC98C00037EF1 = {
						CreatedOnToolsVersion = 9.2;
						ProvisioningStyle = Automatic;
					};
					2AA24DED201CC98C00037EF1 = {
						CreatedOnToolsVersion = 9.2;
						ProvisioningStyle = Automatic;
						TestTargetID = 2AA24DDD201CC98C00037EF1;
					};
				};
			};
			buildConfigurationList = 2AA24DD9201CC98C00037EF1 /* Build configuration list for PBXProject "popgraph-viewer" */;
			compatibilityVersion = "Xcode 8.0";
			developmentRegion = en;
			hasScannedForEncodings = 0;
			knownRegions = (
				en,
				Base,
			);
			mainGroup = 2AA24DD5201CC98C00037EF1;
			productRefGroup = 2AA24DDF201CC98C00037EF1 /* Products */;
			projectDirPath = "";
			projectRoot = "";
			targets = (
				2AA24DDD201CC98C00037EF1 /* popgraph-viewer */,
				2AA24DED201CC98C00037EF1 /* popgraph-viewerTests */,
			);
		};
/* End PBXProject section */

/* Begin PBXResourcesBuildPhase section */
		2AA24DDC201CC98C00037EF1 /* Resources */ = {
			isa = PBXResourcesBuildPhase;
			buildActionMask = 2147483647;
			files = (
				2AA24E0D201CD12700037EF1 /* GraphWindowController.xib in Resources */,
				2AA24DE4201CC98C00037EF1 /* Assets.xcassets in Resources */,
				2AA24DE7201CC98C00037EF1 /* MainMenu.xib in Resources */,
				2AA24E06201CCDE800037EF1 /* GraphViewController.xib in Resources */,
			);
			runOnlyForDeploymentPostprocessing = 0;
		};
		2AA24DEC201CC98C00037EF1 /* Resources */ = {
			isa = PBXResourcesBuildPhase;
			buildActionMask = 2147483647;
			files = (
			);
			runOnlyForDeploymentPostprocessing = 0;
		};
/* End PBXResourcesBuildPhase section */

/* Begin PBXSourcesBuildPhase section */
		2AA24DDA201CC98C00037EF1 /* Sources */ = {
			isa = PBXSourcesBuildPhase;
			buildActionMask = 2147483647;
			files = (
				2AA24E0C201CD12700037EF1 /* GraphWindowController.swift in Sources */,
				2AA24E05201CCDE800037EF1 /* GraphViewController.swift in Sources */,
				2AA24DE2201CC98C00037EF1 /* AppDelegate.swift in Sources */,
				2AA24E09201CCE2200037EF1 /* GraphView.swift in Sources */,
			);
			runOnlyForDeploymentPostprocessing = 0;
		};
		2AA24DEA201CC98C00037EF1 /* Sources */ = {
			isa = PBXSourcesBuildPhase;
			buildActionMask = 2147483647;
			files = (
				2AA24DF3201CC98C00037EF1 /* popgraph_viewerTests.swift in Sources */,
			);
			runOnlyForDeploymentPostprocessing = 0;
		};
/* End PBXSourcesBuildPhase section */

/* Begin PBXTargetDependency section */
		2AA24DF0201CC98C00037EF1 /* PBXTargetDependency */ = {
			isa = PBXTargetDependency;
			target = 2AA24DDD201CC98C00037EF1 /* popgraph-viewer */;
			targetProxy = 2AA24DEF201CC98C00037EF1 /* PBXContainerItemProxy */;
		};
/* End PBXTargetDependency section */

/* Begin PBXVariantGroup section */
		2AA24DE5201CC98C00037EF1 /* MainMenu.xib */ = {
			isa = PBXVariantGroup;
			children = (
				2AA24DE6201CC98C00037EF1 /* Base */,
			);
			name = MainMenu.xib;
			sourceTree = "<group>";
		};
/* End PBXVariantGroup section */

/* Begin XCBuildConfiguration section */
		2AA24DF5201CC98C00037EF1 /* Debug */ = {
			isa = XCBuildConfiguration;
			buildSettings = {
				ALWAYS_SEARCH_USER_PATHS = NO;
				CLANG_ANALYZER_NONNULL = YES;
				CLANG_ANALYZER_NUMBER_OBJECT_CONVERSION = YES_AGGRESSIVE;
				CLANG_CXX_LANGUAGE_STANDARD = "gnu++14";
				CLANG_CXX_LIBRARY = "libc++";
				CLANG_ENABLE_MODULES = YES;
				CLANG_ENABLE_OBJC_ARC = YES;
				CLANG_WARN_BLOCK_CAPTURE_AUTORELEASING = YES;
				CLANG_WARN_BOOL_CONVERSION = YES;
				CLANG_WARN_COMMA = YES;
				CLANG_WARN_CONSTANT_CONVERSION = YES;
				CLANG_WARN_DIRECT_OBJC_ISA_USAGE = YES_ERROR;
				CLANG_WARN_DOCUMENTATION_COMMENTS = YES;
				CLANG_WARN_EMPTY_BODY = YES;
				CLANG_WARN_ENUM_CONVERSION = YES;
				CLANG_WARN_INFINITE_RECURSION = YES;
				CLANG_WARN_INT_CONVERSION = YES;
				CLANG_WARN_NON_LITERAL_NULL_CONVERSION = YES;
				CLANG_WARN_OBJC_LITERAL_CONVERSION = YES;
				CLANG_WARN_OBJC_ROOT_CLASS = YES_ERROR;
				CLANG_WARN_RANGE_LOOP_ANALYSIS = YES;
				CLANG_WARN_STRICT_PROTOTYPES = YES;
				CLANG_WARN_SUSPICIOUS_MOVE = YES;
				CLANG_WARN_UNGUARDED_AVAILABILITY = YES_AGGRESSIVE;
				CLANG_WARN_UNREACHABLE_CODE = YES;
				CLANG_WARN__DUPLICATE_METHOD_MATCH = YES;
				CODE_SIGN_IDENTITY = "Mac Developer";
				COPY_PHASE_STRIP = NO;
				DEBUG_INFORMATION_FORMAT = dwarf;
				ENABLE_STRICT_OBJC_MSGSEND = YES;
				ENABLE_TESTABILITY = YES;
				GCC_C_LANGUAGE_STANDARD = gnu11;
				GCC_DYNAMIC_NO_PIC = NO;
				GCC_NO_COMMON_BLOCKS = YES;
				GCC_OPTIMIZATION_LEVEL = 0;
				GCC_PREPROCESSOR_DEFINITIONS = (
					"DEBUG=1",
					"$(inherited)",
				);
				GCC_WARN_64_TO_32_BIT_CONVERSION = YES;
				GCC_WARN_ABOUT_RETURN_TYPE = YES_ERROR;
				GCC_WARN_UNDECLARED_SELECTOR = YES;
				GCC_WARN_UNINITIALIZED_AUTOS = YES_AGGRESSIVE;
				GCC_WARN_UNUSED_FUNCTION = YES;
				GCC_WARN_UNUSED_VARIABLE = YES;
				MACOSX_DEPLOYMENT_TARGET = 10.13;
				MTL_ENABLE_DEBUG_INFO = YES;
				ONLY_ACTIVE_ARCH = YES;
				SDKROOT = macosx;
				SWIFT_ACTIVE_COMPILATION_CONDITIONS = DEBUG;
				SWIFT_OPTIMIZATION_LEVEL = "-Onone";
			};
			name = Debug;
		};
		2AA24DF6201CC98C00037EF1 /* Release */ = {
			isa = XCBuildConfiguration;
			buildSettings = {
				ALWAYS_SEARCH_USER_PATHS = NO;
				CLANG_ANALYZER_NONNULL = YES;
				CLANG_ANALYZER_NUMBER_OBJECT_CONVERSION = YES_AGGRESSIVE;
				CLANG_CXX_LANGUAGE_STANDARD = "gnu++14";
				CLANG_CXX_LIBRARY = "libc++";
				CLANG_ENABLE_MODULES = YES;
				CLANG_ENABLE_OBJC_ARC = YES;
				CLANG_WARN_BLOCK_CAPTURE_AUTORELEASING = YES;
				CLANG_WARN_BOOL_CONVERSION = YES;
				CLANG_WARN_COMMA = YES;
				CLANG_WARN_CONSTANT_CONVERSION = YES;
				CLANG_WARN_DIRECT_OBJC_ISA_USAGE = YES_ERROR;
				CLANG_WARN_DOCUMENTATION_COMMENTS = YES;
				CLANG_WARN_EMPTY_BODY = YES;
				CLANG_WARN_ENUM_CONVERSION = YES;
				CLANG_WARN_INFINITE_RECURSION = YES;
				CLANG_WARN_INT_CONVERSION = YES;
				CLANG_WARN_NON_LITERAL_NULL_CONVERSION = YES;
				CLANG_WARN_OBJC_LITERAL_CONVERSION = YES;
				CLANG_WARN_OBJC_ROOT_CLASS = YES_ERROR;
				CLANG_WARN_RANGE_LOOP_ANALYSIS = YES;
				CLANG_WARN_STRICT_PROTOTYPES = YES;
				CLANG_WARN_SUSPICIOUS_MOVE = YES;
				CLANG_WARN_UNGUARDED_AVAILABILITY = YES_AGGRESSIVE;
				CLANG_WARN_UNREACHABLE_CODE = YES;
				CLANG_WARN__DUPLICATE_METHOD_MATCH = YES;
				CODE_SIGN_IDENTITY = "Mac Developer";
				COPY_PHASE_STRIP = NO;
				DEBUG_INFORMATION_FORMAT = "dwarf-with-dsym";
				ENABLE_NS_ASSERTIONS = NO;
				ENABLE_STRICT_OBJC_MSGSEND = YES;
				GCC_C_LANGUAGE_STANDARD = gnu11;
				GCC_NO_COMMON_BLOCKS = YES;
				GCC_WARN_64_TO_32_BIT_CONVERSION = YES;
				GCC_WARN_ABOUT_RETURN_TYPE = YES_ERROR;
				GCC_WARN_UNDECLARED_SELECTOR = YES;
				GCC_WARN_UNINITIALIZED_AUTOS = YES_AGGRESSIVE;
				GCC_WARN_UNUSED_FUNCTION = YES;
				GCC_WARN_UNUSED_VARIABLE = YES;
				MACOSX_DEPLOYMENT_TARGET = 10.13;
				MTL_ENABLE_DEBUG_INFO = NO;
				SDKROOT = macosx;
				SWIFT_OPTIMIZATION_LEVEL = "-Owholemodule";
			};
			name = Release;
		};
		2AA24DF8201CC98C00037EF1 /* Debug */ = {
			isa = XCBuildConfiguration;
			buildSettings = {
				ASSETCATALOG_COMPILER_APPICON_NAME = AppIcon;
				CODE_SIGN_ENTITLEMENTS = "popgraph-viewer/popgraph_viewer.entitlements";
				CODE_SIGN_STYLE = Automatic;
				COMBINE_HIDPI_IMAGES = YES;
				DEVELOPMENT_TEAM = 626QFAP74Z;
				INFOPLIST_FILE = "popgraph-viewer/Info.plist";
				LD_RUNPATH_SEARCH_PATHS = "$(inherited) @executable_path/../Frameworks";
				PRODUCT_BUNDLE_IDENTIFIER = "com.dyerlab.popgraph-viewer";
				PRODUCT_NAME = "$(TARGET_NAME)";
				SWIFT_VERSION = 4.0;
			};
			name = Debug;
		};
		2AA24DF9201CC98C00037EF1 /* Release */ = {
			isa = XCBuildConfiguration;
			buildSettings = {
				ASSETCATALOG_COMPILER_APPICON_NAME = AppIcon;
				CODE_SIGN_ENTITLEMENTS = "popgraph-viewer/popgraph_viewer.entitlements";
				CODE_SIGN_STYLE = Automatic;
				COMBINE_HIDPI_IMAGES = YES;
				DEVELOPMENT_TEAM = 626QFAP74Z;
				INFOPLIST_FILE = "popgraph-viewer/Info.plist";
				LD_RUNPATH_SEARCH_PATHS = "$(inherited) @executable_path/../Frameworks";
				PRODUCT_BUNDLE_IDENTIFIER = "com.dyerlab.popgraph-viewer";
				PRODUCT_NAME = "$(TARGET_NAME)";
				SWIFT_VERSION = 4.0;
			};
			name = Release;
		};
		2AA24DFB201CC98C00037EF1 /* Debug */ = {
			isa = XCBuildConfiguration;
			buildSettings = {
				ALWAYS_EMBED_SWIFT_STANDARD_LIBRARIES = YES;
				BUNDLE_LOADER = "$(TEST_HOST)";
				CODE_SIGN_STYLE = Automatic;
				COMBINE_HIDPI_IMAGES = YES;
				DEVELOPMENT_TEAM = 626QFAP74Z;
				INFOPLIST_FILE = "popgraph-viewerTests/Info.plist";
				LD_RUNPATH_SEARCH_PATHS = "$(inherited) @executable_path/../Frameworks @loader_path/../Frameworks";
				PRODUCT_BUNDLE_IDENTIFIER = "com.dyerlab.popgraph-viewerTests";
				PRODUCT_NAME = "$(TARGET_NAME)";
				SWIFT_VERSION = 4.0;
				TEST_HOST = "$(BUILT_PRODUCTS_DIR)/popgraph-viewer.app/Contents/MacOS/popgraph-viewer";
			};
			name = Debug;
		};
		2AA24DFC201CC98C00037EF1 /* Release */ = {
			isa = XCBuildConfiguration;
			buildSettings = {
				ALWAYS_EMBED_SWIFT_STANDARD_LIBRARIES = YES;
				BUNDLE_LOADER = "$(TEST_HOST)";
				CODE_SIGN_STYLE = Automatic;
				COMBINE_HIDPI_IMAGES = YES;
				DEVELOPMENT_TEAM = 626QFAP74Z;
				INFOPLIST_FILE = "popgraph-viewerTests/Info.plist";
				LD_RUNPATH_SEARCH_PATHS = "$(inherited) @executable_path/../Frameworks @loader_path/../Frameworks";
				PRODUCT_BUNDLE_IDENTIFIER = "com.dyerlab.popgraph-viewerTests";
				PRODUCT_NAME = "$(TARGET_NAME)";
				SWIFT_VERSION = 4.0;
				TEST_HOST = "$(BUILT_PRODUCTS_DIR)/popgraph-viewer.app/Contents/MacOS/popgraph-viewer";
			};
			name = Release;
		};
/* End XCBuildConfiguration section */

/* Begin XCConfigurationList section */
		2AA24DD9201CC98C00037EF1 /* Build configuration list for PBXProject "popgraph-viewer" */ = {
			isa = XCConfigurationList;
			buildConfigurations = (
				2AA24DF5201CC98C00037EF1 /* Debug */,
				2AA24DF6201CC98C00037EF1 /* Release */,
			);
			defaultConfigurationIsVisible = 0;
			defaultConfigurationName = Release;
		};
		2AA24DF7201CC98C00037EF1 /* Build configuration list for PBXNativeTarget "popgraph-viewer" */ = {
			isa = XCConfigurationList;
			buildConfigurations = (
				2AA24DF8201CC98C00037EF1 /* Debug */,
				2AA24DF9201CC98C00037EF1 /* Release */,
			);
			defaultConfigurationIsVisible = 0;
			defaultConfigurationName = Release;
		};
		2AA24DFA201CC98C00037EF1 /* Build configuration list for PBXNativeTarget "popgraph-viewerTests" */ = {
			isa = XCConfigurationList;
			buildConfigurations = (
				2AA24DFB201CC98C00037EF1 /* Debug */,
				2AA24DFC201CC98C00037EF1 /* Release */,
			);
			defaultConfigurationIsVisible = 0;
			defaultConfigurationName = Release;
		};
/* End XCConfigurationList section */
	};
	rootObject = 2AA24DD6201CC98C00037EF1 /* Project object */;
}
